// !$*UTF8*$!
{
	archiveVersion = 1;
	classes = {
	};
	objectVersion = 55;
	objects = {

/* Begin PBXBuildFile section */
		B552F5E7270ED69500DF0153 /* ExchangeView.swift in Sources */ = {isa = PBXBuildFile; fileRef = B552F5E6270ED69500DF0153 /* ExchangeView.swift */; };
		B57F7E8F270D830300C16B28 /* MyOverseasReciptApp.swift in Sources */ = {isa = PBXBuildFile; fileRef = B57F7E8E270D830300C16B28 /* MyOverseasReciptApp.swift */; };
		B57F7E91270D830300C16B28 /* ContentView.swift in Sources */ = {isa = PBXBuildFile; fileRef = B57F7E90270D830300C16B28 /* ContentView.swift */; };
		B57F7E93270D830400C16B28 /* Assets.xcassets in Resources */ = {isa = PBXBuildFile; fileRef = B57F7E92270D830400C16B28 /* Assets.xcassets */; };
		B57F7E96270D830400C16B28 /* Preview Assets.xcassets in Resources */ = {isa = PBXBuildFile; fileRef = B57F7E95270D830400C16B28 /* Preview Assets.xcassets */; };
		B5FB870E270F1731006C05AC /* ExchangeUnit.plist in Resources */ = {isa = PBXBuildFile; fileRef = B5FB870D270F1731006C05AC /* ExchangeUnit.plist */; };
/* End PBXBuildFile section */

/* Begin PBXFileReference section */
		B552F5E6270ED69500DF0153 /* ExchangeView.swift */ = {isa = PBXFileReference; lastKnownFileType = sourcecode.swift; path = ExchangeView.swift; sourceTree = "<group>"; };
		B57F7E8B270D830300C16B28 /* MyOverseasRecipt.app */ = {isa = PBXFileReference; explicitFileType = wrapper.application; includeInIndex = 0; path = MyOverseasRecipt.app; sourceTree = BUILT_PRODUCTS_DIR; };
		B57F7E8E270D830300C16B28 /* MyOverseasReciptApp.swift */ = {isa = PBXFileReference; lastKnownFileType = sourcecode.swift; path = MyOverseasReciptApp.swift; sourceTree = "<group>"; };
		B57F7E90270D830300C16B28 /* ContentView.swift */ = {isa = PBXFileReference; lastKnownFileType = sourcecode.swift; path = ContentView.swift; sourceTree = "<group>"; };
		B57F7E92270D830400C16B28 /* Assets.xcassets */ = {isa = PBXFileReference; lastKnownFileType = folder.assetcatalog; path = Assets.xcassets; sourceTree = "<group>"; };
		B57F7E95270D830400C16B28 /* Preview Assets.xcassets */ = {isa = PBXFileReference; lastKnownFileType = folder.assetcatalog; path = "Preview Assets.xcassets"; sourceTree = "<group>"; };
		B5FB870D270F1731006C05AC /* ExchangeUnit.plist */ = {isa = PBXFileReference; lastKnownFileType = text.plist.xml; path = ExchangeUnit.plist; sourceTree = "<group>"; };
/* End PBXFileReference section */

/* Begin PBXFrameworksBuildPhase section */
		B57F7E88270D830300C16B28 /* Frameworks */ = {
			isa = PBXFrameworksBuildPhase;
			buildActionMask = 2147483647;
			files = (
			);
			runOnlyForDeploymentPostprocessing = 0;
		};
/* End PBXFrameworksBuildPhase section */

/* Begin PBXGroup section */
		B57F7E82270D830300C16B28 = {
			isa = PBXGroup;
			children = (
				B57F7E8D270D830300C16B28 /* MyOverseasRecipt */,
				B57F7E8C270D830300C16B28 /* Products */,
			);
			sourceTree = "<group>";
		};
		B57F7E8C270D830300C16B28 /* Products */ = {
			isa = PBXGroup;
			children = (
				B57F7E8B270D830300C16B28 /* MyOverseasRecipt.app */,
			);
			name = Products;
			sourceTree = "<group>";
		};
		B57F7E8D270D830300C16B28 /* MyOverseasRecipt */ = {
			isa = PBXGroup;
			children = (
				B57F7E8E270D830300C16B28 /* MyOverseasReciptApp.swift */,
				B57F7E90270D830300C16B28 /* ContentView.swift */,
				B552F5E6270ED69500DF0153 /* ExchangeView.swift */,
				B5FB870D270F1731006C05AC /* ExchangeUnit.plist */,
				B57F7E92270D830400C16B28 /* Assets.xcassets */,
				B57F7E94270D830400C16B28 /* Preview Content */,
			);
			path = MyOverseasRecipt;
			sourceTree = "<group>";
		};
		B57F7E94270D830400C16B28 /* Preview Content */ = {
			isa = PBXGroup;
			children = (
				B57F7E95270D830400C16B28 /* Preview Assets.xcassets */,
			);
			path = "Preview Content";
			sourceTree = "<group>";
		};
/* End PBXGroup section */

/* Begin PBXNativeTarget section */
		B57F7E8A270D830300C16B28 /* MyOverseasRecipt */ = {
			isa = PBXNativeTarget;
			buildConfigurationList = B57F7E99270D830400C16B28 /* Build configuration list for PBXNativeTarget "MyOverseasRecipt" */;
			buildPhases = (
				B57F7E87270D830300C16B28 /* Sources */,
				B57F7E88270D830300C16B28 /* Frameworks */,
				B57F7E89270D830300C16B28 /* Resources */,
			);
			buildRules = (
			);
			dependencies = (
			);
			name = MyOverseasRecipt;
			productName = MyOverseasRecipt;
			productReference = B57F7E8B270D830300C16B28 /* MyOverseasRecipt.app */;
			productType = "com.apple.product-type.application";
		};
/* End PBXNativeTarget section */

/* Begin PBXProject section */
		B57F7E83270D830300C16B28 /* Project object */ = {
			isa = PBXProject;
			attributes = {
				BuildIndependentTargetsInParallel = 1;
				LastSwiftUpdateCheck = 1300;
				LastUpgradeCheck = 1300;
				TargetAttributes = {
					B57F7E8A270D830300C16B28 = {
						CreatedOnToolsVersion = 13.0;
					};
				};
			};
			buildConfigurationList = B57F7E86270D830300C16B28 /* Build configuration list for PBXProject "MyOverseasRecipt" */;
			compatibilityVersion = "Xcode 13.0";
			developmentRegion = en;
			hasScannedForEncodings = 0;
			knownRegions = (
				en,
				Base,
			);
			mainGroup = B57F7E82270D830300C16B28;
			productRefGroup = B57F7E8C270D830300C16B28 /* Products */;
			projectDirPath = "";
			projectRoot = "";
			targets = (
				B57F7E8A270D830300C16B28 /* MyOverseasRecipt */,
			);
		};
/* End PBXProject section */

/* Begin PBXResourcesBuildPhase section */
		B57F7E89270D830300C16B28 /* Resources */ = {
			isa = PBXResourcesBuildPhase;
			buildActionMask = 2147483647;
			files = (
				B5FB870E270F1731006C05AC /* ExchangeUnit.plist in Resources */,
				B57F7E96270D830400C16B28 /* Preview Assets.xcassets in Resources */,
				B57F7E93270D830400C16B28 /* Assets.xcassets in Resources */,
			);
			runOnlyForDeploymentPostprocessing = 0;
		};
/* End PBXResourcesBuildPhase section */

/* Begin PBXSourcesBuildPhase section */
		B57F7E87270D830300C16B28 /* Sources */ = {
			isa = PBXSourcesBuildPhase;
			buildActionMask = 2147483647;
			files = (
				B57F7E91270D830300C16B28 /* ContentView.swift in Sources */,
				B57F7E8F270D830300C16B28 /* MyOverseasReciptApp.swift in Sources */,
				B552F5E7270ED69500DF0153 /* ExchangeView.swift in Sources */,
			);
			runOnlyForDeploymentPostprocessing = 0;
		};
/* End PBXSourcesBuildPhase section */

/* Begin XCBuildConfiguration section */
		B57F7E97270D830400C16B28 /* Debug */ = {
			isa = XCBuildConfiguration;
			buildSettings = {
				ALWAYS_SEARCH_USER_PATHS = NO;
				CLANG_ANALYZER_NONNULL = YES;
				CLANG_ANALYZER_NUMBER_OBJECT_CONVERSION = YES_AGGRESSIVE;
				CLANG_CXX_LANGUAGE_STANDARD = "gnu++17";
				CLANG_CXX_LIBRARY = "libc++";
				CLANG_ENABLE_MODULES = YES;
				CLANG_ENABLE_OBJC_ARC = YES;
				CLANG_ENABLE_OBJC_WEAK = YES;
				CLANG_WARN_BLOCK_CAPTURE_AUTORELEASING = YES;
				CLANG_WARN_BOOL_CONVERSION = YES;
				CLANG_WARN_COMMA = YES;
				CLANG_WARN_CONSTANT_CONVERSION = YES;
				CLANG_WARN_DEPRECATED_OBJC_IMPLEMENTATIONS = YES;
				CLANG_WARN_DIRECT_OBJC_ISA_USAGE = YES_ERROR;
				CLANG_WARN_DOCUMENTATION_COMMENTS = YES;
				CLANG_WARN_EMPTY_BODY = YES;
				CLANG_WARN_ENUM_CONVERSION = YES;
				CLANG_WARN_INFINITE_RECURSION = YES;
				CLANG_WARN_INT_CONVERSION = YES;
				CLANG_WARN_NON_LITERAL_NULL_CONVERSION = YES;
				CLANG_WARN_OBJC_IMPLICIT_RETAIN_SELF = YES;
				CLANG_WARN_OBJC_LITERAL_CONVERSION = YES;
				CLANG_WARN_OBJC_ROOT_CLASS = YES_ERROR;
				CLANG_WARN_QUOTED_INCLUDE_IN_FRAMEWORK_HEADER = YES;
				CLANG_WARN_RANGE_LOOP_ANALYSIS = YES;
				CLANG_WARN_STRICT_PROTOTYPES = YES;
				CLANG_WARN_SUSPICIOUS_MOVE = YES;
				CLANG_WARN_UNGUARDED_AVAILABILITY = YES_AGGRESSIVE;
				CLANG_WARN_UNREACHABLE_CODE = YES;
				CLANG_WARN__DUPLICATE_METHOD_MATCH = YES;
				COPY_PHASE_STRIP = NO;
				DEBUG_INFORMATION_FORMAT = dwarf;
				ENABLE_STRICT_OBJC_MSGSEND = YES;
				ENABLE_TESTABILITY = YES;
				GCC_C_LANGUAGE_STANDARD = gnu11;
				GCC_DYNAMIC_NO_PIC = NO;
				GCC_NO_COMMON_BLOCKS = YES;
				GCC_OPTIMIZATION_LEVEL = 0;
				GCC_PREPROCESSOR_DEFINITIONS = (
					"DEBUG=1",
					"$(inherited)",
				);
				GCC_WARN_64_TO_32_BIT_CONVERSION = YES;
				GCC_WARN_ABOUT_RETURN_TYPE = YES_ERROR;
				GCC_WARN_UNDECLARED_SELECTOR = YES;
				GCC_WARN_UNINITIALIZED_AUTOS = YES_AGGRESSIVE;
				GCC_WARN_UNUSED_FUNCTION = YES;
				GCC_WARN_UNUSED_VARIABLE = YES;
				IPHONEOS_DEPLOYMENT_TARGET = 15.0;
				MTL_ENABLE_DEBUG_INFO = INCLUDE_SOURCE;
				MTL_FAST_MATH = YES;
				ONLY_ACTIVE_ARCH = YES;
				SDKROOT = iphoneos;
				SWIFT_ACTIVE_COMPILATION_CONDITIONS = DEBUG;
				SWIFT_OPTIMIZATION_LEVEL = "-Onone";
			};
			name = Debug;
		};
		B57F7E98270D830400C16B28 /* Release */ = {
			isa = XCBuildConfiguration;
			buildSettings = {
				ALWAYS_SEARCH_USER_PATHS = NO;
				CLANG_ANALYZER_NONNULL = YES;
				CLANG_ANALYZER_NUMBER_OBJECT_CONVERSION = YES_AGGRESSIVE;
				CLANG_CXX_LANGUAGE_STANDARD = "gnu++17";
				CLANG_CXX_LIBRARY = "libc++";
				CLANG_ENABLE_MODULES = YES;
				CLANG_ENABLE_OBJC_ARC = YES;
				CLANG_ENABLE_OBJC_WEAK = YES;
				CLANG_WARN_BLOCK_CAPTURE_AUTORELEASING = YES;
				CLANG_WARN_BOOL_CONVERSION = YES;
				CLANG_WARN_COMMA = YES;
				CLANG_WARN_CONSTANT_CONVERSION = YES;
				CLANG_WARN_DEPRECATED_OBJC_IMPLEMENTATIONS = YES;
				CLANG_WARN_DIRECT_OBJC_ISA_USAGE = YES_ERROR;
				CLANG_WARN_DOCUMENTATION_COMMENTS = YES;
				CLANG_WARN_EMPTY_BODY = YES;
				CLANG_WARN_ENUM_CONVERSION = YES;
				CLANG_WARN_INFINITE_RECURSION = YES;
				CLANG_WARN_INT_CONVERSION = YES;
				CLANG_WARN_NON_LITERAL_NULL_CONVERSION = YES;
				CLANG_WARN_OBJC_IMPLICIT_RETAIN_SELF = YES;
				CLANG_WARN_OBJC_LITERAL_CONVERSION = YES;
				CLANG_WARN_OBJC_ROOT_CLASS = YES_ERROR;
				CLANG_WARN_QUOTED_INCLUDE_IN_FRAMEWORK_HEADER = YES;
				CLANG_WARN_RANGE_LOOP_ANALYSIS = YES;
				CLANG_WARN_STRICT_PROTOTYPES = YES;
				CLANG_WARN_SUSPICIOUS_MOVE = YES;
				CLANG_WARN_UNGUARDED_AVAILABILITY = YES_AGGRESSIVE;
				CLANG_WARN_UNREACHABLE_CODE = YES;
				CLANG_WARN__DUPLICATE_METHOD_MATCH = YES;
				COPY_PHASE_STRIP = NO;
				DEBUG_INFORMATION_FORMAT = "dwarf-with-dsym";
				ENABLE_NS_ASSERTIONS = NO;
				ENABLE_STRICT_OBJC_MSGSEND = YES;
				GCC_C_LANGUAGE_STANDARD = gnu11;
				GCC_NO_COMMON_BLOCKS = YES;
				GCC_WARN_64_TO_32_BIT_CONVERSION = YES;
				GCC_WARN_ABOUT_RETURN_TYPE = YES_ERROR;
				GCC_WARN_UNDECLARED_SELECTOR = YES;
				GCC_WARN_UNINITIALIZED_AUTOS = YES_AGGRESSIVE;
				GCC_WARN_UNUSED_FUNCTION = YES;
				GCC_WARN_UNUSED_VARIABLE = YES;
				IPHONEOS_DEPLOYMENT_TARGET = 15.0;
				MTL_ENABLE_DEBUG_INFO = NO;
				MTL_FAST_MATH = YES;
				SDKROOT = iphoneos;
				SWIFT_COMPILATION_MODE = wholemodule;
				SWIFT_OPTIMIZATION_LEVEL = "-O";
				VALIDATE_PRODUCT = YES;
			};
			name = Release;
		};
		B57F7E9A270D830400C16B28 /* Debug */ = {
			isa = XCBuildConfiguration;
			buildSettings = {
				ASSETCATALOG_COMPILER_APPICON_NAME = AppIcon;
				ASSETCATALOG_COMPILER_GLOBAL_ACCENT_COLOR_NAME = AccentColor;
				CODE_SIGN_STYLE = Automatic;
				CURRENT_PROJECT_VERSION = 1;
				DEVELOPMENT_ASSET_PATHS = "\"MyOverseasRecipt/Preview Content\"";
				DEVELOPMENT_TEAM = NSCRL9SYQK;
				ENABLE_PREVIEWS = YES;
				GENERATE_INFOPLIST_FILE = YES;
				INFOPLIST_KEY_UIApplicationSceneManifest_Generation = YES;
				INFOPLIST_KEY_UIApplicationSupportsIndirectInputEvents = YES;
				INFOPLIST_KEY_UILaunchScreen_Generation = YES;
				INFOPLIST_KEY_UISupportedInterfaceOrientations_iPad = "UIInterfaceOrientationPortrait UIInterfaceOrientationPortraitUpsideDown UIInterfaceOrientationLandscapeLeft UIInterfaceOrientationLandscapeRight";
				INFOPLIST_KEY_UISupportedInterfaceOrientations_iPhone = "UIInterfaceOrientationPortrait UIInterfaceOrientationLandscapeLeft UIInterfaceOrientationLandscapeRight";
				IPHONEOS_DEPLOYMENT_TARGET = 14.0;
				LD_RUNPATH_SEARCH_PATHS = (
					"$(inherited)",
					"@executable_path/Frameworks",
				);
				MARKETING_VERSION = 1.0;
				PRODUCT_BUNDLE_IDENTIFIER = com.sbk.MyOverseasRecipt;
				PRODUCT_NAME = "$(TARGET_NAME)";
				SWIFT_EMIT_LOC_STRINGS = YES;
				SWIFT_VERSION = 5.0;
				TARGETED_DEVICE_FAMILY = "1,2";
			};
			name = Debug;
		};
		B57F7E9B270D830400C16B28 /* Release */ = {
			isa = XCBuildConfiguration;
			buildSettings = {
				ASSETCATALOG_COMPILER_APPICON_NAME = AppIcon;
				ASSETCATALOG_COMPILER_GLOBAL_ACCENT_COLOR_NAME = AccentColor;
				CODE_SIGN_STYLE = Automatic;
				CURRENT_PROJECT_VERSION = 1;
				DEVELOPMENT_ASSET_PATHS = "\"MyOverseasRecipt/Preview Content\"";
				DEVELOPMENT_TEAM = NSCRL9SYQK;
				ENABLE_PREVIEWS = YES;
				GENERATE_INFOPLIST_FILE = YES;
				INFOPLIST_KEY_UIApplicationSceneManifest_Generation = YES;
				INFOPLIST_KEY_UIApplicationSupportsIndirectInputEvents = YES;
				INFOPLIST_KEY_UILaunchScreen_Generation = YES;
				INFOPLIST_KEY_UISupportedInterfaceOrientations_iPad = "UIInterfaceOrientationPortrait UIInterfaceOrientationPortraitUpsideDown UIInterfaceOrientationLandscapeLeft UIInterfaceOrientationLandscapeRight";
				INFOPLIST_KEY_UISupportedInterfaceOrientations_iPhone = "UIInterfaceOrientationPortrait UIInterfaceOrientationLandscapeLeft UIInterfaceOrientationLandscapeRight";
				IPHONEOS_DEPLOYMENT_TARGET = 14.0;
				LD_RUNPATH_SEARCH_PATHS = (
					"$(inherited)",
					"@executable_path/Frameworks",
				);
				MARKETING_VERSION = 1.0;
				PRODUCT_BUNDLE_IDENTIFIER = com.sbk.MyOverseasRecipt;
				PRODUCT_NAME = "$(TARGET_NAME)";
				SWIFT_EMIT_LOC_STRINGS = YES;
				SWIFT_VERSION = 5.0;
				TARGETED_DEVICE_FAMILY = "1,2";
			};
			name = Release;
		};
/* End XCBuildConfiguration section */

/* Begin XCConfigurationList section */
		B57F7E86270D830300C16B28 /* Build configuration list for PBXProject "MyOverseasRecipt" */ = {
			isa = XCConfigurationList;
			buildConfigurations = (
				B57F7E97270D830400C16B28 /* Debug */,
				B57F7E98270D830400C16B28 /* Release */,
			);
			defaultConfigurationIsVisible = 0;
			defaultConfigurationName = Release;
		};
		B57F7E99270D830400C16B28 /* Build configuration list for PBXNativeTarget "MyOverseasRecipt" */ = {
			isa = XCConfigurationList;
			buildConfigurations = (
				B57F7E9A270D830400C16B28 /* Debug */,
				B57F7E9B270D830400C16B28 /* Release */,
			);
			defaultConfigurationIsVisible = 0;
			defaultConfigurationName = Release;
		};
/* End XCConfigurationList section */
	};
	rootObject = B57F7E83270D830300C16B28 /* Project object */;
}
