// !$*UTF8*$!
{
	archiveVersion = 1;
	classes = {
	};
	objectVersion = 50;
	objects = {

/* Begin PBXBuildFile section */
		B5169A1226708C1100EFBF0A /* NetworkJSONApp.swift in Sources */ = {isa = PBXBuildFile; fileRef = B5169A1126708C1100EFBF0A /* NetworkJSONApp.swift */; };
		B5169A1426708C1100EFBF0A /* ContentView.swift in Sources */ = {isa = PBXBuildFile; fileRef = B5169A1326708C1100EFBF0A /* ContentView.swift */; };
		B5169A1626708C1200EFBF0A /* Assets.xcassets in Resources */ = {isa = PBXBuildFile; fileRef = B5169A1526708C1200EFBF0A /* Assets.xcassets */; };
		B5169A1926708C1200EFBF0A /* Preview Assets.xcassets in Resources */ = {isa = PBXBuildFile; fileRef = B5169A1826708C1200EFBF0A /* Preview Assets.xcassets */; };
		B5169A2126708C9D00EFBF0A /* WebService.swift in Sources */ = {isa = PBXBuildFile; fileRef = B5169A2026708C9D00EFBF0A /* WebService.swift */; };
/* End PBXBuildFile section */

/* Begin PBXFileReference section */
		B5169A0E26708C1100EFBF0A /* NetworkJSON.app */ = {isa = PBXFileReference; explicitFileType = wrapper.application; includeInIndex = 0; path = NetworkJSON.app; sourceTree = BUILT_PRODUCTS_DIR; };
		B5169A1126708C1100EFBF0A /* NetworkJSONApp.swift */ = {isa = PBXFileReference; lastKnownFileType = sourcecode.swift; path = NetworkJSONApp.swift; sourceTree = "<group>"; };
		B5169A1326708C1100EFBF0A /* ContentView.swift */ = {isa = PBXFileReference; lastKnownFileType = sourcecode.swift; path = ContentView.swift; sourceTree = "<group>"; };
		B5169A1526708C1200EFBF0A /* Assets.xcassets */ = {isa = PBXFileReference; lastKnownFileType = folder.assetcatalog; path = Assets.xcassets; sourceTree = "<group>"; };
		B5169A1826708C1200EFBF0A /* Preview Assets.xcassets */ = {isa = PBXFileReference; lastKnownFileType = folder.assetcatalog; path = "Preview Assets.xcassets"; sourceTree = "<group>"; };
		B5169A1A26708C1200EFBF0A /* Info.plist */ = {isa = PBXFileReference; lastKnownFileType = text.plist.xml; path = Info.plist; sourceTree = "<group>"; };
		B5169A2026708C9D00EFBF0A /* WebService.swift */ = {isa = PBXFileReference; lastKnownFileType = sourcecode.swift; path = WebService.swift; sourceTree = "<group>"; };
/* End PBXFileReference section */

/* Begin PBXFrameworksBuildPhase section */
		B5169A0B26708C1100EFBF0A /* Frameworks */ = {
			isa = PBXFrameworksBuildPhase;
			buildActionMask = 2147483647;
			files = (
			);
			runOnlyForDeploymentPostprocessing = 0;
		};
/* End PBXFrameworksBuildPhase section */

/* Begin PBXGroup section */
		B5169A0526708C1100EFBF0A = {
			isa = PBXGroup;
			children = (
				B5169A1026708C1100EFBF0A /* NetworkJSON */,
				B5169A0F26708C1100EFBF0A /* Products */,
			);
			sourceTree = "<group>";
		};
		B5169A0F26708C1100EFBF0A /* Products */ = {
			isa = PBXGroup;
			children = (
				B5169A0E26708C1100EFBF0A /* NetworkJSON.app */,
			);
			name = Products;
			sourceTree = "<group>";
		};
		B5169A1026708C1100EFBF0A /* NetworkJSON */ = {
			isa = PBXGroup;
			children = (
				B5169A1126708C1100EFBF0A /* NetworkJSONApp.swift */,
				B5169A1326708C1100EFBF0A /* ContentView.swift */,
				B5169A2026708C9D00EFBF0A /* WebService.swift */,
				B5169A1526708C1200EFBF0A /* Assets.xcassets */,
				B5169A1A26708C1200EFBF0A /* Info.plist */,
				B5169A1726708C1200EFBF0A /* Preview Content */,
			);
			path = NetworkJSON;
			sourceTree = "<group>";
		};
		B5169A1726708C1200EFBF0A /* Preview Content */ = {
			isa = PBXGroup;
			children = (
				B5169A1826708C1200EFBF0A /* Preview Assets.xcassets */,
			);
			path = "Preview Content";
			sourceTree = "<group>";
		};
/* End PBXGroup section */

/* Begin PBXNativeTarget section */
		B5169A0D26708C1100EFBF0A /* NetworkJSON */ = {
			isa = PBXNativeTarget;
			buildConfigurationList = B5169A1D26708C1200EFBF0A /* Build configuration list for PBXNativeTarget "NetworkJSON" */;
			buildPhases = (
				B5169A0A26708C1100EFBF0A /* Sources */,
				B5169A0B26708C1100EFBF0A /* Frameworks */,
				B5169A0C26708C1100EFBF0A /* Resources */,
			);
			buildRules = (
			);
			dependencies = (
			);
			name = NetworkJSON;
			productName = NetworkJSON;
			productReference = B5169A0E26708C1100EFBF0A /* NetworkJSON.app */;
			productType = "com.apple.product-type.application";
		};
/* End PBXNativeTarget section */

/* Begin PBXProject section */
		B5169A0626708C1100EFBF0A /* Project object */ = {
			isa = PBXProject;
			attributes = {
				LastSwiftUpdateCheck = 1250;
				LastUpgradeCheck = 1250;
				TargetAttributes = {
					B5169A0D26708C1100EFBF0A = {
						CreatedOnToolsVersion = 12.5;
					};
				};
			};
			buildConfigurationList = B5169A0926708C1100EFBF0A /* Build configuration list for PBXProject "NetworkJSON" */;
			compatibilityVersion = "Xcode 9.3";
			developmentRegion = en;
			hasScannedForEncodings = 0;
			knownRegions = (
				en,
				Base,
			);
			mainGroup = B5169A0526708C1100EFBF0A;
			productRefGroup = B5169A0F26708C1100EFBF0A /* Products */;
			projectDirPath = "";
			projectRoot = "";
			targets = (
				B5169A0D26708C1100EFBF0A /* NetworkJSON */,
			);
		};
/* End PBXProject section */

/* Begin PBXResourcesBuildPhase section */
		B5169A0C26708C1100EFBF0A /* Resources */ = {
			isa = PBXResourcesBuildPhase;
			buildActionMask = 2147483647;
			files = (
				B5169A1926708C1200EFBF0A /* Preview Assets.xcassets in Resources */,
				B5169A1626708C1200EFBF0A /* Assets.xcassets in Resources */,
			);
			runOnlyForDeploymentPostprocessing = 0;
		};
/* End PBXResourcesBuildPhase section */

/* Begin PBXSourcesBuildPhase section */
		B5169A0A26708C1100EFBF0A /* Sources */ = {
			isa = PBXSourcesBuildPhase;
			buildActionMask = 2147483647;
			files = (
				B5169A2126708C9D00EFBF0A /* WebService.swift in Sources */,
				B5169A1426708C1100EFBF0A /* ContentView.swift in Sources */,
				B5169A1226708C1100EFBF0A /* NetworkJSONApp.swift in Sources */,
			);
			runOnlyForDeploymentPostprocessing = 0;
		};
/* End PBXSourcesBuildPhase section */

/* Begin XCBuildConfiguration section */
		B5169A1B26708C1200EFBF0A /* Debug */ = {
			isa = XCBuildConfiguration;
			buildSettings = {
				ALWAYS_SEARCH_USER_PATHS = NO;
				CLANG_ANALYZER_NONNULL = YES;
				CLANG_ANALYZER_NUMBER_OBJECT_CONVERSION = YES_AGGRESSIVE;
				CLANG_CXX_LANGUAGE_STANDARD = "gnu++14";
				CLANG_CXX_LIBRARY = "libc++";
				CLANG_ENABLE_MODULES = YES;
				CLANG_ENABLE_OBJC_ARC = YES;
				CLANG_ENABLE_OBJC_WEAK = YES;
				CLANG_WARN_BLOCK_CAPTURE_AUTORELEASING = YES;
				CLANG_WARN_BOOL_CONVERSION = YES;
				CLANG_WARN_COMMA = YES;
				CLANG_WARN_CONSTANT_CONVERSION = YES;
				CLANG_WARN_DEPRECATED_OBJC_IMPLEMENTATIONS = YES;
				CLANG_WARN_DIRECT_OBJC_ISA_USAGE = YES_ERROR;
				CLANG_WARN_DOCUMENTATION_COMMENTS = YES;
				CLANG_WARN_EMPTY_BODY = YES;
				CLANG_WARN_ENUM_CONVERSION = YES;
				CLANG_WARN_INFINITE_RECURSION = YES;
				CLANG_WARN_INT_CONVERSION = YES;
				CLANG_WARN_NON_LITERAL_NULL_CONVERSION = YES;
				CLANG_WARN_OBJC_IMPLICIT_RETAIN_SELF = YES;
				CLANG_WARN_OBJC_LITERAL_CONVERSION = YES;
				CLANG_WARN_OBJC_ROOT_CLASS = YES_ERROR;
				CLANG_WARN_QUOTED_INCLUDE_IN_FRAMEWORK_HEADER = YES;
				CLANG_WARN_RANGE_LOOP_ANALYSIS = YES;
				CLANG_WARN_STRICT_PROTOTYPES = YES;
				CLANG_WARN_SUSPICIOUS_MOVE = YES;
				CLANG_WARN_UNGUARDED_AVAILABILITY = YES_AGGRESSIVE;
				CLANG_WARN_UNREACHABLE_CODE = YES;
				CLANG_WARN__DUPLICATE_METHOD_MATCH = YES;
				COPY_PHASE_STRIP = NO;
				DEBUG_INFORMATION_FORMAT = dwarf;
				ENABLE_STRICT_OBJC_MSGSEND = YES;
				ENABLE_TESTABILITY = YES;
				GCC_C_LANGUAGE_STANDARD = gnu11;
				GCC_DYNAMIC_NO_PIC = NO;
				GCC_NO_COMMON_BLOCKS = YES;
				GCC_OPTIMIZATION_LEVEL = 0;
				GCC_PREPROCESSOR_DEFINITIONS = (
					"DEBUG=1",
					"$(inherited)",
				);
				GCC_WARN_64_TO_32_BIT_CONVERSION = YES;
				GCC_WARN_ABOUT_RETURN_TYPE = YES_ERROR;
				GCC_WARN_UNDECLARED_SELECTOR = YES;
				GCC_WARN_UNINITIALIZED_AUTOS = YES_AGGRESSIVE;
				GCC_WARN_UNUSED_FUNCTION = YES;
				GCC_WARN_UNUSED_VARIABLE = YES;
				IPHONEOS_DEPLOYMENT_TARGET = 14.5;
				MTL_ENABLE_DEBUG_INFO = INCLUDE_SOURCE;
				MTL_FAST_MATH = YES;
				ONLY_ACTIVE_ARCH = YES;
				SDKROOT = iphoneos;
				SWIFT_ACTIVE_COMPILATION_CONDITIONS = DEBUG;
				SWIFT_OPTIMIZATION_LEVEL = "-Onone";
			};
			name = Debug;
		};
		B5169A1C26708C1200EFBF0A /* Release */ = {
			isa = XCBuildConfiguration;
			buildSettings = {
				ALWAYS_SEARCH_USER_PATHS = NO;
				CLANG_ANALYZER_NONNULL = YES;
				CLANG_ANALYZER_NUMBER_OBJECT_CONVERSION = YES_AGGRESSIVE;
				CLANG_CXX_LANGUAGE_STANDARD = "gnu++14";
				CLANG_CXX_LIBRARY = "libc++";
				CLANG_ENABLE_MODULES = YES;
				CLANG_ENABLE_OBJC_ARC = YES;
				CLANG_ENABLE_OBJC_WEAK = YES;
				CLANG_WARN_BLOCK_CAPTURE_AUTORELEASING = YES;
				CLANG_WARN_BOOL_CONVERSION = YES;
				CLANG_WARN_COMMA = YES;
				CLANG_WARN_CONSTANT_CONVERSION = YES;
				CLANG_WARN_DEPRECATED_OBJC_IMPLEMENTATIONS = YES;
				CLANG_WARN_DIRECT_OBJC_ISA_USAGE = YES_ERROR;
				CLANG_WARN_DOCUMENTATION_COMMENTS = YES;
				CLANG_WARN_EMPTY_BODY = YES;
				CLANG_WARN_ENUM_CONVERSION = YES;
				CLANG_WARN_INFINITE_RECURSION = YES;
				CLANG_WARN_INT_CONVERSION = YES;
				CLANG_WARN_NON_LITERAL_NULL_CONVERSION = YES;
				CLANG_WARN_OBJC_IMPLICIT_RETAIN_SELF = YES;
				CLANG_WARN_OBJC_LITERAL_CONVERSION = YES;
				CLANG_WARN_OBJC_ROOT_CLASS = YES_ERROR;
				CLANG_WARN_QUOTED_INCLUDE_IN_FRAMEWORK_HEADER = YES;
				CLANG_WARN_RANGE_LOOP_ANALYSIS = YES;
				CLANG_WARN_STRICT_PROTOTYPES = YES;
				CLANG_WARN_SUSPICIOUS_MOVE = YES;
				CLANG_WARN_UNGUARDED_AVAILABILITY = YES_AGGRESSIVE;
				CLANG_WARN_UNREACHABLE_CODE = YES;
				CLANG_WARN__DUPLICATE_METHOD_MATCH = YES;
				COPY_PHASE_STRIP = NO;
				DEBUG_INFORMATION_FORMAT = "dwarf-with-dsym";
				ENABLE_NS_ASSERTIONS = NO;
				ENABLE_STRICT_OBJC_MSGSEND = YES;
				GCC_C_LANGUAGE_STANDARD = gnu11;
				GCC_NO_COMMON_BLOCKS = YES;
				GCC_WARN_64_TO_32_BIT_CONVERSION = YES;
				GCC_WARN_ABOUT_RETURN_TYPE = YES_ERROR;
				GCC_WARN_UNDECLARED_SELECTOR = YES;
				GCC_WARN_UNINITIALIZED_AUTOS = YES_AGGRESSIVE;
				GCC_WARN_UNUSED_FUNCTION = YES;
				GCC_WARN_UNUSED_VARIABLE = YES;
				IPHONEOS_DEPLOYMENT_TARGET = 14.5;
				MTL_ENABLE_DEBUG_INFO = NO;
				MTL_FAST_MATH = YES;
				SDKROOT = iphoneos;
				SWIFT_COMPILATION_MODE = wholemodule;
				SWIFT_OPTIMIZATION_LEVEL = "-O";
				VALIDATE_PRODUCT = YES;
			};
			name = Release;
		};
		B5169A1E26708C1200EFBF0A /* Debug */ = {
			isa = XCBuildConfiguration;
			buildSettings = {
				ASSETCATALOG_COMPILER_APPICON_NAME = AppIcon;
				ASSETCATALOG_COMPILER_GLOBAL_ACCENT_COLOR_NAME = AccentColor;
				CODE_SIGN_STYLE = Automatic;
				DEVELOPMENT_ASSET_PATHS = "\"NetworkJSON/Preview Content\"";
				DEVELOPMENT_TEAM = NSCRL9SYQK;
				ENABLE_PREVIEWS = YES;
				INFOPLIST_FILE = NetworkJSON/Info.plist;
				IPHONEOS_DEPLOYMENT_TARGET = 14.0;
				LD_RUNPATH_SEARCH_PATHS = (
					"$(inherited)",
					"@executable_path/Frameworks",
				);
				PRODUCT_BUNDLE_IDENTIFIER = com.sbk.NetworkJSON;
				PRODUCT_NAME = "$(TARGET_NAME)";
				SWIFT_VERSION = 5.0;
				TARGETED_DEVICE_FAMILY = "1,2";
			};
			name = Debug;
		};
		B5169A1F26708C1200EFBF0A /* Release */ = {
			isa = XCBuildConfiguration;
			buildSettings = {
				ASSETCATALOG_COMPILER_APPICON_NAME = AppIcon;
				ASSETCATALOG_COMPILER_GLOBAL_ACCENT_COLOR_NAME = AccentColor;
				CODE_SIGN_STYLE = Automatic;
				DEVELOPMENT_ASSET_PATHS = "\"NetworkJSON/Preview Content\"";
				DEVELOPMENT_TEAM = NSCRL9SYQK;
				ENABLE_PREVIEWS = YES;
				INFOPLIST_FILE = NetworkJSON/Info.plist;
				IPHONEOS_DEPLOYMENT_TARGET = 14.0;
				LD_RUNPATH_SEARCH_PATHS = (
					"$(inherited)",
					"@executable_path/Frameworks",
				);
				PRODUCT_BUNDLE_IDENTIFIER = com.sbk.NetworkJSON;
				PRODUCT_NAME = "$(TARGET_NAME)";
				SWIFT_VERSION = 5.0;
				TARGETED_DEVICE_FAMILY = "1,2";
			};
			name = Release;
		};
/* End XCBuildConfiguration section */

/* Begin XCConfigurationList section */
		B5169A0926708C1100EFBF0A /* Build configuration list for PBXProject "NetworkJSON" */ = {
			isa = XCConfigurationList;
			buildConfigurations = (
				B5169A1B26708C1200EFBF0A /* Debug */,
				B5169A1C26708C1200EFBF0A /* Release */,
			);
			defaultConfigurationIsVisible = 0;
			defaultConfigurationName = Release;
		};
		B5169A1D26708C1200EFBF0A /* Build configuration list for PBXNativeTarget "NetworkJSON" */ = {
			isa = XCConfigurationList;
			buildConfigurations = (
				B5169A1E26708C1200EFBF0A /* Debug */,
				B5169A1F26708C1200EFBF0A /* Release */,
			);
			defaultConfigurationIsVisible = 0;
			defaultConfigurationName = Release;
		};
/* End XCConfigurationList section */
	};
	rootObject = B5169A0626708C1100EFBF0A /* Project object */;
}
